// !$*UTF8*$!
{
	archiveVersion = 1;
	classes = {
	};
	objectVersion = 56;
	objects = {

/* Begin PBXBuildFile section */
		9359ED3528F257210062076F /* SafariView.swift in Sources */ = {isa = PBXBuildFile; fileRef = 9359ED3428F257210062076F /* SafariView.swift */; };
		9359ED3728F39DD30062076F /* FrameworkTitleView.swift in Sources */ = {isa = PBXBuildFile; fileRef = 9359ED3628F39DD30062076F /* FrameworkTitleView.swift */; };
		9359ED3928F39E8F0062076F /* XDismissButton.swift in Sources */ = {isa = PBXBuildFile; fileRef = 9359ED3828F39E8F0062076F /* XDismissButton.swift */; };
		93B5581E28F12076003F4D4C /* Apple_FrameworksApp.swift in Sources */ = {isa = PBXBuildFile; fileRef = 93B5581D28F12076003F4D4C /* Apple_FrameworksApp.swift */; };
		93B5582228F12077003F4D4C /* Assets.xcassets in Resources */ = {isa = PBXBuildFile; fileRef = 93B5582128F12077003F4D4C /* Assets.xcassets */; };
		93B5582528F12077003F4D4C /* Preview Assets.xcassets in Resources */ = {isa = PBXBuildFile; fileRef = 93B5582428F12077003F4D4C /* Preview Assets.xcassets */; };
		93B5582C28F120D9003F4D4C /* Framework.swift in Sources */ = {isa = PBXBuildFile; fileRef = 93B5582B28F120D9003F4D4C /* Framework.swift */; };
		93B5582E28F121D5003F4D4C /* FrameworkGridView.swift in Sources */ = {isa = PBXBuildFile; fileRef = 93B5582D28F121D5003F4D4C /* FrameworkGridView.swift */; };
		93B5583028F12D0A003F4D4C /* FrameworkDetailView.swift in Sources */ = {isa = PBXBuildFile; fileRef = 93B5582F28F12D0A003F4D4C /* FrameworkDetailView.swift */; };
		93B5583228F216BC003F4D4C /* AFButton.swift in Sources */ = {isa = PBXBuildFile; fileRef = 93B5583128F216BC003F4D4C /* AFButton.swift */; };
		93B5583428F21E0B003F4D4C /* FrameworkGridViewModel.swift in Sources */ = {isa = PBXBuildFile; fileRef = 93B5583328F21E0B003F4D4C /* FrameworkGridViewModel.swift */; };
/* End PBXBuildFile section */

/* Begin PBXFileReference section */
		9359ED3428F257210062076F /* SafariView.swift */ = {isa = PBXFileReference; lastKnownFileType = sourcecode.swift; path = SafariView.swift; sourceTree = "<group>"; };
		9359ED3628F39DD30062076F /* FrameworkTitleView.swift */ = {isa = PBXFileReference; lastKnownFileType = sourcecode.swift; path = FrameworkTitleView.swift; sourceTree = "<group>"; };
		9359ED3828F39E8F0062076F /* XDismissButton.swift */ = {isa = PBXFileReference; lastKnownFileType = sourcecode.swift; path = XDismissButton.swift; sourceTree = "<group>"; };
		93B5581A28F12076003F4D4C /* Apple-Frameworks.app */ = {isa = PBXFileReference; explicitFileType = wrapper.application; includeInIndex = 0; path = "Apple-Frameworks.app"; sourceTree = BUILT_PRODUCTS_DIR; };
		93B5581D28F12076003F4D4C /* Apple_FrameworksApp.swift */ = {isa = PBXFileReference; lastKnownFileType = sourcecode.swift; path = Apple_FrameworksApp.swift; sourceTree = "<group>"; };
		93B5582128F12077003F4D4C /* Assets.xcassets */ = {isa = PBXFileReference; lastKnownFileType = folder.assetcatalog; path = Assets.xcassets; sourceTree = "<group>"; };
		93B5582428F12077003F4D4C /* Preview Assets.xcassets */ = {isa = PBXFileReference; lastKnownFileType = folder.assetcatalog; path = "Preview Assets.xcassets"; sourceTree = "<group>"; };
		93B5582B28F120D9003F4D4C /* Framework.swift */ = {isa = PBXFileReference; lastKnownFileType = sourcecode.swift; path = Framework.swift; sourceTree = "<group>"; };
		93B5582D28F121D5003F4D4C /* FrameworkGridView.swift */ = {isa = PBXFileReference; lastKnownFileType = sourcecode.swift; path = FrameworkGridView.swift; sourceTree = "<group>"; };
		93B5582F28F12D0A003F4D4C /* FrameworkDetailView.swift */ = {isa = PBXFileReference; lastKnownFileType = sourcecode.swift; path = FrameworkDetailView.swift; sourceTree = "<group>"; };
		93B5583128F216BC003F4D4C /* AFButton.swift */ = {isa = PBXFileReference; lastKnownFileType = sourcecode.swift; path = AFButton.swift; sourceTree = "<group>"; };
		93B5583328F21E0B003F4D4C /* FrameworkGridViewModel.swift */ = {isa = PBXFileReference; lastKnownFileType = sourcecode.swift; path = FrameworkGridViewModel.swift; sourceTree = "<group>"; };
/* End PBXFileReference section */

/* Begin PBXFrameworksBuildPhase section */
		93B5581728F12076003F4D4C /* Frameworks */ = {
			isa = PBXFrameworksBuildPhase;
			buildActionMask = 2147483647;
			files = (
			);
			runOnlyForDeploymentPostprocessing = 0;
		};
/* End PBXFrameworksBuildPhase section */

/* Begin PBXGroup section */
		9359ED3A28F39F700062076F /* Screens */ = {
			isa = PBXGroup;
			children = (
				9359ED3B28F39F770062076F /* FrameworkGridView */,
				9359ED3C28F39FB00062076F /* FrameworkDetailView */,
			);
			path = Screens;
			sourceTree = "<group>";
		};
		9359ED3B28F39F770062076F /* FrameworkGridView */ = {
			isa = PBXGroup;
			children = (
				93B5582D28F121D5003F4D4C /* FrameworkGridView.swift */,
				93B5583328F21E0B003F4D4C /* FrameworkGridViewModel.swift */,
			);
			path = FrameworkGridView;
			sourceTree = "<group>";
		};
		9359ED3C28F39FB00062076F /* FrameworkDetailView */ = {
			isa = PBXGroup;
			children = (
				93B5582F28F12D0A003F4D4C /* FrameworkDetailView.swift */,
			);
			path = FrameworkDetailView;
			sourceTree = "<group>";
		};
		9359ED3D28F39FCC0062076F /* Model */ = {
			isa = PBXGroup;
			children = (
				93B5582B28F120D9003F4D4C /* Framework.swift */,
			);
			path = Model;
			sourceTree = "<group>";
		};
		9359ED3E28F39FE20062076F /* Views */ = {
			isa = PBXGroup;
			children = (
				9359ED4028F3A0050062076F /* Views */,
				9359ED3F28F39FF60062076F /* Buttons */,
			);
			path = Views;
			sourceTree = "<group>";
		};
		9359ED3F28F39FF60062076F /* Buttons */ = {
			isa = PBXGroup;
			children = (
				93B5583128F216BC003F4D4C /* AFButton.swift */,
				9359ED3828F39E8F0062076F /* XDismissButton.swift */,
			);
			path = Buttons;
			sourceTree = "<group>";
		};
		9359ED4028F3A0050062076F /* Views */ = {
			isa = PBXGroup;
			children = (
				9359ED3628F39DD30062076F /* FrameworkTitleView.swift */,
			);
			path = Views;
			sourceTree = "<group>";
		};
		9359ED4128F3A02D0062076F /* UIKit Components */ = {
			isa = PBXGroup;
			children = (
				9359ED3428F257210062076F /* SafariView.swift */,
			);
			path = "UIKit Components";
			sourceTree = "<group>";
		};
		93B5581128F12076003F4D4C = {
			isa = PBXGroup;
			children = (
				93B5581C28F12076003F4D4C /* Apple-Frameworks */,
				93B5581B28F12076003F4D4C /* Products */,
			);
			sourceTree = "<group>";
		};
		93B5581B28F12076003F4D4C /* Products */ = {
			isa = PBXGroup;
			children = (
				93B5581A28F12076003F4D4C /* Apple-Frameworks.app */,
			);
			name = Products;
			sourceTree = "<group>";
		};
		93B5581C28F12076003F4D4C /* Apple-Frameworks */ = {
			isa = PBXGroup;
			children = (
				9359ED4128F3A02D0062076F /* UIKit Components */,
				9359ED3E28F39FE20062076F /* Views */,
				9359ED3D28F39FCC0062076F /* Model */,
				9359ED3A28F39F700062076F /* Screens */,
				93B5581D28F12076003F4D4C /* Apple_FrameworksApp.swift */,
				93B5582128F12077003F4D4C /* Assets.xcassets */,
				93B5582328F12077003F4D4C /* Preview Content */,
			);
			path = "Apple-Frameworks";
			sourceTree = "<group>";
		};
		93B5582328F12077003F4D4C /* Preview Content */ = {
			isa = PBXGroup;
			children = (
				93B5582428F12077003F4D4C /* Preview Assets.xcassets */,
			);
			path = "Preview Content";
			sourceTree = "<group>";
		};
/* End PBXGroup section */

/* Begin PBXNativeTarget section */
		93B5581928F12076003F4D4C /* Apple-Frameworks */ = {
			isa = PBXNativeTarget;
			buildConfigurationList = 93B5582828F12077003F4D4C /* Build configuration list for PBXNativeTarget "Apple-Frameworks" */;
			buildPhases = (
				93B5581628F12076003F4D4C /* Sources */,
				93B5581728F12076003F4D4C /* Frameworks */,
				93B5581828F12076003F4D4C /* Resources */,
			);
			buildRules = (
			);
			dependencies = (
			);
			name = "Apple-Frameworks";
			productName = "Apple-Frameworks";
			productReference = 93B5581A28F12076003F4D4C /* Apple-Frameworks.app */;
			productType = "com.apple.product-type.application";
		};
/* End PBXNativeTarget section */

/* Begin PBXProject section */
		93B5581228F12076003F4D4C /* Project object */ = {
			isa = PBXProject;
			attributes = {
				BuildIndependentTargetsInParallel = 1;
				LastSwiftUpdateCheck = 1400;
				LastUpgradeCheck = 1400;
				TargetAttributes = {
					93B5581928F12076003F4D4C = {
						CreatedOnToolsVersion = 14.0;
					};
				};
			};
			buildConfigurationList = 93B5581528F12076003F4D4C /* Build configuration list for PBXProject "Apple-Frameworks" */;
			compatibilityVersion = "Xcode 14.0";
			developmentRegion = en;
			hasScannedForEncodings = 0;
			knownRegions = (
				en,
				Base,
			);
			mainGroup = 93B5581128F12076003F4D4C;
			productRefGroup = 93B5581B28F12076003F4D4C /* Products */;
			projectDirPath = "";
			projectRoot = "";
			targets = (
				93B5581928F12076003F4D4C /* Apple-Frameworks */,
			);
		};
/* End PBXProject section */

/* Begin PBXResourcesBuildPhase section */
		93B5581828F12076003F4D4C /* Resources */ = {
			isa = PBXResourcesBuildPhase;
			buildActionMask = 2147483647;
			files = (
				93B5582528F12077003F4D4C /* Preview Assets.xcassets in Resources */,
				93B5582228F12077003F4D4C /* Assets.xcassets in Resources */,
			);
			runOnlyForDeploymentPostprocessing = 0;
		};
/* End PBXResourcesBuildPhase section */

/* Begin PBXSourcesBuildPhase section */
		93B5581628F12076003F4D4C /* Sources */ = {
			isa = PBXSourcesBuildPhase;
			buildActionMask = 2147483647;
			files = (
				93B5583028F12D0A003F4D4C /* FrameworkDetailView.swift in Sources */,
				93B5582E28F121D5003F4D4C /* FrameworkGridView.swift in Sources */,
				9359ED3928F39E8F0062076F /* XDismissButton.swift in Sources */,
				93B5582C28F120D9003F4D4C /* Framework.swift in Sources */,
				93B5583228F216BC003F4D4C /* AFButton.swift in Sources */,
				93B5581E28F12076003F4D4C /* Apple_FrameworksApp.swift in Sources */,
				93B5583428F21E0B003F4D4C /* FrameworkGridViewModel.swift in Sources */,
				9359ED3728F39DD30062076F /* FrameworkTitleView.swift in Sources */,
				9359ED3528F257210062076F /* SafariView.swift in Sources */,
			);
			runOnlyForDeploymentPostprocessing = 0;
		};
/* End PBXSourcesBuildPhase section */

/* Begin XCBuildConfiguration section */
		93B5582628F12077003F4D4C /* Debug */ = {
			isa = XCBuildConfiguration;
			buildSettings = {
				ALWAYS_SEARCH_USER_PATHS = NO;
				CLANG_ANALYZER_NONNULL = YES;
				CLANG_ANALYZER_NUMBER_OBJECT_CONVERSION = YES_AGGRESSIVE;
				CLANG_CXX_LANGUAGE_STANDARD = "gnu++17";
				CLANG_ENABLE_MODULES = YES;
				CLANG_ENABLE_OBJC_ARC = YES;
				CLANG_ENABLE_OBJC_WEAK = YES;
				CLANG_WARN_BLOCK_CAPTURE_AUTORELEASING = YES;
				CLANG_WARN_BOOL_CONVERSION = YES;
				CLANG_WARN_COMMA = YES;
				CLANG_WARN_CONSTANT_CONVERSION = YES;
				CLANG_WARN_DEPRECATED_OBJC_IMPLEMENTATIONS = YES;
				CLANG_WARN_DIRECT_OBJC_ISA_USAGE = YES_ERROR;
				CLANG_WARN_DOCUMENTATION_COMMENTS = YES;
				CLANG_WARN_EMPTY_BODY = YES;
				CLANG_WARN_ENUM_CONVERSION = YES;
				CLANG_WARN_INFINITE_RECURSION = YES;
				CLANG_WARN_INT_CONVERSION = YES;
				CLANG_WARN_NON_LITERAL_NULL_CONVERSION = YES;
				CLANG_WARN_OBJC_IMPLICIT_RETAIN_SELF = YES;
				CLANG_WARN_OBJC_LITERAL_CONVERSION = YES;
				CLANG_WARN_OBJC_ROOT_CLASS = YES_ERROR;
				CLANG_WARN_QUOTED_INCLUDE_IN_FRAMEWORK_HEADER = YES;
				CLANG_WARN_RANGE_LOOP_ANALYSIS = YES;
				CLANG_WARN_STRICT_PROTOTYPES = YES;
				CLANG_WARN_SUSPICIOUS_MOVE = YES;
				CLANG_WARN_UNGUARDED_AVAILABILITY = YES_AGGRESSIVE;
				CLANG_WARN_UNREACHABLE_CODE = YES;
				CLANG_WARN__DUPLICATE_METHOD_MATCH = YES;
				COPY_PHASE_STRIP = NO;
				DEBUG_INFORMATION_FORMAT = dwarf;
				ENABLE_STRICT_OBJC_MSGSEND = YES;
				ENABLE_TESTABILITY = YES;
				GCC_C_LANGUAGE_STANDARD = gnu11;
				GCC_DYNAMIC_NO_PIC = NO;
				GCC_NO_COMMON_BLOCKS = YES;
				GCC_OPTIMIZATION_LEVEL = 0;
				GCC_PREPROCESSOR_DEFINITIONS = (
					"DEBUG=1",
					"$(inherited)",
				);
				GCC_WARN_64_TO_32_BIT_CONVERSION = YES;
				GCC_WARN_ABOUT_RETURN_TYPE = YES_ERROR;
				GCC_WARN_UNDECLARED_SELECTOR = YES;
				GCC_WARN_UNINITIALIZED_AUTOS = YES_AGGRESSIVE;
				GCC_WARN_UNUSED_FUNCTION = YES;
				GCC_WARN_UNUSED_VARIABLE = YES;
				IPHONEOS_DEPLOYMENT_TARGET = 16.0;
				MTL_ENABLE_DEBUG_INFO = INCLUDE_SOURCE;
				MTL_FAST_MATH = YES;
				ONLY_ACTIVE_ARCH = YES;
				SDKROOT = iphoneos;
				SWIFT_ACTIVE_COMPILATION_CONDITIONS = DEBUG;
				SWIFT_OPTIMIZATION_LEVEL = "-Onone";
			};
			name = Debug;
		};
		93B5582728F12077003F4D4C /* Release */ = {
			isa = XCBuildConfiguration;
			buildSettings = {
				ALWAYS_SEARCH_USER_PATHS = NO;
				CLANG_ANALYZER_NONNULL = YES;
				CLANG_ANALYZER_NUMBER_OBJECT_CONVERSION = YES_AGGRESSIVE;
				CLANG_CXX_LANGUAGE_STANDARD = "gnu++17";
				CLANG_ENABLE_MODULES = YES;
				CLANG_ENABLE_OBJC_ARC = YES;
				CLANG_ENABLE_OBJC_WEAK = YES;
				CLANG_WARN_BLOCK_CAPTURE_AUTORELEASING = YES;
				CLANG_WARN_BOOL_CONVERSION = YES;
				CLANG_WARN_COMMA = YES;
				CLANG_WARN_CONSTANT_CONVERSION = YES;
				CLANG_WARN_DEPRECATED_OBJC_IMPLEMENTATIONS = YES;
				CLANG_WARN_DIRECT_OBJC_ISA_USAGE = YES_ERROR;
				CLANG_WARN_DOCUMENTATION_COMMENTS = YES;
				CLANG_WARN_EMPTY_BODY = YES;
				CLANG_WARN_ENUM_CONVERSION = YES;
				CLANG_WARN_INFINITE_RECURSION = YES;
				CLANG_WARN_INT_CONVERSION = YES;
				CLANG_WARN_NON_LITERAL_NULL_CONVERSION = YES;
				CLANG_WARN_OBJC_IMPLICIT_RETAIN_SELF = YES;
				CLANG_WARN_OBJC_LITERAL_CONVERSION = YES;
				CLANG_WARN_OBJC_ROOT_CLASS = YES_ERROR;
				CLANG_WARN_QUOTED_INCLUDE_IN_FRAMEWORK_HEADER = YES;
				CLANG_WARN_RANGE_LOOP_ANALYSIS = YES;
				CLANG_WARN_STRICT_PROTOTYPES = YES;
				CLANG_WARN_SUSPICIOUS_MOVE = YES;
				CLANG_WARN_UNGUARDED_AVAILABILITY = YES_AGGRESSIVE;
				CLANG_WARN_UNREACHABLE_CODE = YES;
				CLANG_WARN__DUPLICATE_METHOD_MATCH = YES;
				COPY_PHASE_STRIP = NO;
				DEBUG_INFORMATION_FORMAT = "dwarf-with-dsym";
				ENABLE_NS_ASSERTIONS = NO;
				ENABLE_STRICT_OBJC_MSGSEND = YES;
				GCC_C_LANGUAGE_STANDARD = gnu11;
				GCC_NO_COMMON_BLOCKS = YES;
				GCC_WARN_64_TO_32_BIT_CONVERSION = YES;
				GCC_WARN_ABOUT_RETURN_TYPE = YES_ERROR;
				GCC_WARN_UNDECLARED_SELECTOR = YES;
				GCC_WARN_UNINITIALIZED_AUTOS = YES_AGGRESSIVE;
				GCC_WARN_UNUSED_FUNCTION = YES;
				GCC_WARN_UNUSED_VARIABLE = YES;
				IPHONEOS_DEPLOYMENT_TARGET = 16.0;
				MTL_ENABLE_DEBUG_INFO = NO;
				MTL_FAST_MATH = YES;
				SDKROOT = iphoneos;
				SWIFT_COMPILATION_MODE = wholemodule;
				SWIFT_OPTIMIZATION_LEVEL = "-O";
				VALIDATE_PRODUCT = YES;
			};
			name = Release;
		};
		93B5582928F12077003F4D4C /* Debug */ = {
			isa = XCBuildConfiguration;
			buildSettings = {
				ASSETCATALOG_COMPILER_APPICON_NAME = AppIcon;
				ASSETCATALOG_COMPILER_GLOBAL_ACCENT_COLOR_NAME = AccentColor;
				CODE_SIGN_STYLE = Automatic;
				CURRENT_PROJECT_VERSION = 1;
				DEVELOPMENT_ASSET_PATHS = "\"Apple-Frameworks/Preview Content\"";
				DEVELOPMENT_TEAM = 39H6LNA9CM;
				ENABLE_PREVIEWS = YES;
				GENERATE_INFOPLIST_FILE = YES;
				INFOPLIST_KEY_UIApplicationSceneManifest_Generation = YES;
				INFOPLIST_KEY_UIApplicationSupportsIndirectInputEvents = YES;
				INFOPLIST_KEY_UILaunchScreen_Generation = YES;
				INFOPLIST_KEY_UISupportedInterfaceOrientations_iPad = "UIInterfaceOrientationPortrait UIInterfaceOrientationPortraitUpsideDown UIInterfaceOrientationLandscapeLeft UIInterfaceOrientationLandscapeRight";
				INFOPLIST_KEY_UISupportedInterfaceOrientations_iPhone = "UIInterfaceOrientationPortrait UIInterfaceOrientationLandscapeLeft UIInterfaceOrientationLandscapeRight";
				LD_RUNPATH_SEARCH_PATHS = (
					"$(inherited)",
					"@executable_path/Frameworks",
				);
				MARKETING_VERSION = 1.0;
				PRODUCT_BUNDLE_IDENTIFIER = "dev.oishii.Apple-Frameworks";
				PRODUCT_NAME = "$(TARGET_NAME)";
				SWIFT_EMIT_LOC_STRINGS = YES;
				SWIFT_VERSION = 5.0;
				TARGETED_DEVICE_FAMILY = "1,2";
			};
			name = Debug;
		};
		93B5582A28F12077003F4D4C /* Release */ = {
			isa = XCBuildConfiguration;
			buildSettings = {
				ASSETCATALOG_COMPILER_APPICON_NAME = AppIcon;
				ASSETCATALOG_COMPILER_GLOBAL_ACCENT_COLOR_NAME = AccentColor;
				CODE_SIGN_STYLE = Automatic;
				CURRENT_PROJECT_VERSION = 1;
				DEVELOPMENT_ASSET_PATHS = "\"Apple-Frameworks/Preview Content\"";
				DEVELOPMENT_TEAM = 39H6LNA9CM;
				ENABLE_PREVIEWS = YES;
				GENERATE_INFOPLIST_FILE = YES;
				INFOPLIST_KEY_UIApplicationSceneManifest_Generation = YES;
				INFOPLIST_KEY_UIApplicationSupportsIndirectInputEvents = YES;
				INFOPLIST_KEY_UILaunchScreen_Generation = YES;
				INFOPLIST_KEY_UISupportedInterfaceOrientations_iPad = "UIInterfaceOrientationPortrait UIInterfaceOrientationPortraitUpsideDown UIInterfaceOrientationLandscapeLeft UIInterfaceOrientationLandscapeRight";
				INFOPLIST_KEY_UISupportedInterfaceOrientations_iPhone = "UIInterfaceOrientationPortrait UIInterfaceOrientationLandscapeLeft UIInterfaceOrientationLandscapeRight";
				LD_RUNPATH_SEARCH_PATHS = (
					"$(inherited)",
					"@executable_path/Frameworks",
				);
				MARKETING_VERSION = 1.0;
				PRODUCT_BUNDLE_IDENTIFIER = "dev.oishii.Apple-Frameworks";
				PRODUCT_NAME = "$(TARGET_NAME)";
				SWIFT_EMIT_LOC_STRINGS = YES;
				SWIFT_VERSION = 5.0;
				TARGETED_DEVICE_FAMILY = "1,2";
			};
			name = Release;
		};
/* End XCBuildConfiguration section */

/* Begin XCConfigurationList section */
		93B5581528F12076003F4D4C /* Build configuration list for PBXProject "Apple-Frameworks" */ = {
			isa = XCConfigurationList;
			buildConfigurations = (
				93B5582628F12077003F4D4C /* Debug */,
				93B5582728F12077003F4D4C /* Release */,
			);
			defaultConfigurationIsVisible = 0;
			defaultConfigurationName = Release;
		};
		93B5582828F12077003F4D4C /* Build configuration list for PBXNativeTarget "Apple-Frameworks" */ = {
			isa = XCConfigurationList;
			buildConfigurations = (
				93B5582928F12077003F4D4C /* Debug */,
				93B5582A28F12077003F4D4C /* Release */,
			);
			defaultConfigurationIsVisible = 0;
			defaultConfigurationName = Release;
		};
/* End XCConfigurationList section */
	};
	rootObject = 93B5581228F12076003F4D4C /* Project object */;
}
